
Microsoft Visual Studio Solution File, Format Version 12.00
# Visual Studio Version 17
VisualStudioVersion = 17.14.36518.9
MinimumVisualStudioVersion = 10.0.40219.1
Project("{2150E333-8FDC-42A3-9474-1A3956D46DE8}") = "Task0", "Task0", "{02EA681E-C7D8-13C7-8484-4AC65E1B71E8}"
EndProject
Project("{FAE04EC0-301F-11D3-BF4B-00C04F79EFBC}") = "Tyuiu.AhmadiMH.Sprint1.Task0.V14", "Tyuiu.AhmadiMH.Sprint1.Task0.V14\Tyuiu.AhmadiMH.Sprint1.Task0.V14.csproj", "{70F45801-34F6-4C23-94A4-45C0807F63D6}"
EndProject
Project("{FAE04EC0-301F-11D3-BF4B-00C04F79EFBC}") = "Tyuiu.AhmadiMH.Sprint1.Task0.V14.Lib", "Tyuiu.AhmadiMH.Sprint1.Task0.V14.Lib\Tyuiu.AhmadiMH.Sprint1.Task0.V14.Lib.csproj", "{6B2C59CD-C22C-48DB-BB43-16EBEF9F4769}"
EndProject
Project("{FAE04EC0-301F-11D3-BF4B-00C04F79EFBC}") = "Tyuiu.AhmadiMH.Sprint1.Task0.V14.Test", "Tyuiu.AhmadiMH.Sprint1.Task0.V14.Test\Tyuiu.AhmadiMH.Sprint1.Task0.V14.Test.csproj", "{0674DA08-1147-4F31-9944-A53F4503F95A}"
EndProject
Project("{2150E333-8FDC-42A3-9474-1A3956D46DE8}") = "Tssk1", "Tssk1", "{B68A82AB-A36B-4693-A6F0-1ABC5684B78C}"
EndProject
Project("{FAE04EC0-301F-11D3-BF4B-00C04F79EFBC}") = "Tyuiu.AhmadiMH.Sprint1.Task1.V3", "Tyuiu.AhmadiMH.Sprint1.Task1.V3\Tyuiu.AhmadiMH.Sprint1.Task1.V3.csproj", "{480B29D6-E5F7-4F6B-B651-50C54FF5CB1D}"
EndProject
Project("{FAE04EC0-301F-11D3-BF4B-00C04F79EFBC}") = "Tyuiu.AhmadiMH.Sprint1.Task1.V3.Lib", "Tyuiu.AhmadiMH.Sprint1.Task1.V3.Lib\Tyuiu.AhmadiMH.Sprint1.Task1.V3.Lib.csproj", "{ADF496E5-18A0-411A-9D63-99034EC5EFF5}"
EndProject
Project("{FAE04EC0-301F-11D3-BF4B-00C04F79EFBC}") = "Tyuiu.AhmadiMH.Sprint1.Task1.V3.Test", "Tyuiu.AhmadiMH.Sprint1.Task1.V3.Test\Tyuiu.AhmadiMH.Sprint1.Task1.V3.Test.csproj", "{55341903-EEA1-49EA-B937-96914B4C4FCF}"
EndProject
Project("{2150E333-8FDC-42A3-9474-1A3956D46DE8}") = "Task2", "Task2", "{B5847803-F99A-43A9-83D3-B0556CB75E32}"
EndProject
Project("{FAE04EC0-301F-11D3-BF4B-00C04F79EFBC}") = "Tyuiu.AhmadiMH.Sprint1.Task2.V1", "Tyuiu.AhmadiMH.Sprint1.Task2.V1\Tyuiu.AhmadiMH.Sprint1.Task2.V1.csproj", "{7A0BA81B-1C0C-4209-8EBC-ED664FDCCEF0}"
EndProject
Project("{FAE04EC0-301F-11D3-BF4B-00C04F79EFBC}") = "Tyuiu.AhmadiMH.Sprint1.Task2.V1.Lib", "Tyuiu.AhmadiMH.Sprint1.Task2.V1.Lib\Tyuiu.AhmadiMH.Sprint1.Task2.V1.Lib.csproj", "{D6973316-EDB9-4697-B7BA-83E9F3280495}"
EndProject
Project("{FAE04EC0-301F-11D3-BF4B-00C04F79EFBC}") = "Tyuiu.AhmadiMH.Sprint1.Task2.V1.Test", "Tyuiu.AhmadiMH.Sprint1.Task2.V1.Test\Tyuiu.AhmadiMH.Sprint1.Task2.V1.Test.csproj", "{CA42D897-ABEC-4A58-AE80-142E07B2A834}"
EndProject
Global
	GlobalSection(SolutionConfigurationPlatforms) = preSolution
		Debug|Any CPU = Debug|Any CPU
		Release|Any CPU = Release|Any CPU
	EndGlobalSection
	GlobalSection(ProjectConfigurationPlatforms) = postSolution
		{70F45801-34F6-4C23-94A4-45C0807F63D6}.Debug|Any CPU.ActiveCfg = Debug|Any CPU
		{70F45801-34F6-4C23-94A4-45C0807F63D6}.Debug|Any CPU.Build.0 = Debug|Any CPU
		{70F45801-34F6-4C23-94A4-45C0807F63D6}.Release|Any CPU.ActiveCfg = Release|Any CPU
		{70F45801-34F6-4C23-94A4-45C0807F63D6}.Release|Any CPU.Build.0 = Release|Any CPU
		{6B2C59CD-C22C-48DB-BB43-16EBEF9F4769}.Debug|Any CPU.ActiveCfg = Debug|Any CPU
		{6B2C59CD-C22C-48DB-BB43-16EBEF9F4769}.Debug|Any CPU.Build.0 = Debug|Any CPU
		{6B2C59CD-C22C-48DB-BB43-16EBEF9F4769}.Release|Any CPU.ActiveCfg = Release|Any CPU
		{6B2C59CD-C22C-48DB-BB43-16EBEF9F4769}.Release|Any CPU.Build.0 = Release|Any CPU
		{0674DA08-1147-4F31-9944-A53F4503F95A}.Debug|Any CPU.ActiveCfg = Debug|Any CPU
		{0674DA08-1147-4F31-9944-A53F4503F95A}.Debug|Any CPU.Build.0 = Debug|Any CPU
		{0674DA08-1147-4F31-9944-A53F4503F95A}.Release|Any CPU.ActiveCfg = Release|Any CPU
		{0674DA08-1147-4F31-9944-A53F4503F95A}.Release|Any CPU.Build.0 = Release|Any CPU
		{480B29D6-E5F7-4F6B-B651-50C54FF5CB1D}.Debug|Any CPU.ActiveCfg = Debug|Any CPU
		{480B29D6-E5F7-4F6B-B651-50C54FF5CB1D}.Debug|Any CPU.Build.0 = Debug|Any CPU
		{480B29D6-E5F7-4F6B-B651-50C54FF5CB1D}.Release|Any CPU.ActiveCfg = Release|Any CPU
		{480B29D6-E5F7-4F6B-B651-50C54FF5CB1D}.Release|Any CPU.Build.0 = Release|Any CPU
		{ADF496E5-18A0-411A-9D63-99034EC5EFF5}.Debug|Any CPU.ActiveCfg = Debug|Any CPU
		{ADF496E5-18A0-411A-9D63-99034EC5EFF5}.Debug|Any CPU.Build.0 = Debug|Any CPU
		{ADF496E5-18A0-411A-9D63-99034EC5EFF5}.Release|Any CPU.ActiveCfg = Release|Any CPU
		{ADF496E5-18A0-411A-9D63-99034EC5EFF5}.Release|Any CPU.Build.0 = Release|Any CPU
		{55341903-EEA1-49EA-B937-96914B4C4FCF}.Debug|Any CPU.ActiveCfg = Debug|Any CPU
		{55341903-EEA1-49EA-B937-96914B4C4FCF}.Debug|Any CPU.Build.0 = Debug|Any CPU
		{55341903-EEA1-49EA-B937-96914B4C4FCF}.Release|Any CPU.ActiveCfg = Release|Any CPU
		{55341903-EEA1-49EA-B937-96914B4C4FCF}.Release|Any CPU.Build.0 = Release|Any CPU
		{7A0BA81B-1C0C-4209-8EBC-ED664FDCCEF0}.Debug|Any CPU.ActiveCfg = Debug|Any CPU
		{7A0BA81B-1C0C-4209-8EBC-ED664FDCCEF0}.Debug|Any CPU.Build.0 = Debug|Any CPU
		{7A0BA81B-1C0C-4209-8EBC-ED664FDCCEF0}.Release|Any CPU.ActiveCfg = Release|Any CPU
		{7A0BA81B-1C0C-4209-8EBC-ED664FDCCEF0}.Release|Any CPU.Build.0 = Release|Any CPU
		{D6973316-EDB9-4697-B7BA-83E9F3280495}.Debug|Any CPU.ActiveCfg = Debug|Any CPU
		{D6973316-EDB9-4697-B7BA-83E9F3280495}.Debug|Any CPU.Build.0 = Debug|Any CPU
		{D6973316-EDB9-4697-B7BA-83E9F3280495}.Release|Any CPU.ActiveCfg = Release|Any CPU
		{D6973316-EDB9-4697-B7BA-83E9F3280495}.Release|Any CPU.Build.0 = Release|Any CPU
		{CA42D897-ABEC-4A58-AE80-142E07B2A834}.Debug|Any CPU.ActiveCfg = Debug|Any CPU
		{CA42D897-ABEC-4A58-AE80-142E07B2A834}.Debug|Any CPU.Build.0 = Debug|Any CPU
		{CA42D897-ABEC-4A58-AE80-142E07B2A834}.Release|Any CPU.ActiveCfg = Release|Any CPU
		{CA42D897-ABEC-4A58-AE80-142E07B2A834}.Release|Any CPU.Build.0 = Release|Any CPU
	EndGlobalSection
	GlobalSection(SolutionProperties) = preSolution
		HideSolutionNode = FALSE
	EndGlobalSection
	GlobalSection(NestedProjects) = preSolution
		{70F45801-34F6-4C23-94A4-45C0807F63D6} = {02EA681E-C7D8-13C7-8484-4AC65E1B71E8}
		{6B2C59CD-C22C-48DB-BB43-16EBEF9F4769} = {02EA681E-C7D8-13C7-8484-4AC65E1B71E8}
		{0674DA08-1147-4F31-9944-A53F4503F95A} = {02EA681E-C7D8-13C7-8484-4AC65E1B71E8}
		{480B29D6-E5F7-4F6B-B651-50C54FF5CB1D} = {B68A82AB-A36B-4693-A6F0-1ABC5684B78C}
		{ADF496E5-18A0-411A-9D63-99034EC5EFF5} = {B68A82AB-A36B-4693-A6F0-1ABC5684B78C}
		{55341903-EEA1-49EA-B937-96914B4C4FCF} = {B68A82AB-A36B-4693-A6F0-1ABC5684B78C}
		{7A0BA81B-1C0C-4209-8EBC-ED664FDCCEF0} = {B5847803-F99A-43A9-83D3-B0556CB75E32}
		{D6973316-EDB9-4697-B7BA-83E9F3280495} = {B5847803-F99A-43A9-83D3-B0556CB75E32}
		{CA42D897-ABEC-4A58-AE80-142E07B2A834} = {B5847803-F99A-43A9-83D3-B0556CB75E32}
	EndGlobalSection
	GlobalSection(ExtensibilityGlobals) = postSolution
		SolutionGuid = {C2F2F4F4-43B4-412A-82FB-1A70FC211F98}
	EndGlobalSection
EndGlobal
