
Microsoft Visual Studio Solution File, Format Version 12.00
# Visual Studio Version 17
VisualStudioVersion = 17.14.36518.9
MinimumVisualStudioVersion = 10.0.40219.1
Project("{2150E333-8FDC-42A3-9474-1A3956D46DE8}") = "Task0", "Task0", "{02EA681E-C7D8-13C7-8484-4AC65E1B71E8}"
EndProject
Project("{FAE04EC0-301F-11D3-BF4B-00C04F79EFBC}") = "Tyuiu.AhmadiMH.Sprint1.Task0.V14", "Tyuiu.AhmadiMH.Sprint1.Task0.V14\Tyuiu.AhmadiMH.Sprint1.Task0.V14.csproj", "{70F45801-34F6-4C23-94A4-45C0807F63D6}"
EndProject
Project("{FAE04EC0-301F-11D3-BF4B-00C04F79EFBC}") = "Tyuiu.AhmadiMH.Sprint1.Task0.V14.Lib", "Tyuiu.AhmadiMH.Sprint1.Task0.V14.Lib\Tyuiu.AhmadiMH.Sprint1.Task0.V14.Lib.csproj", "{6B2C59CD-C22C-48DB-BB43-16EBEF9F4769}"
EndProject
Project("{FAE04EC0-301F-11D3-BF4B-00C04F79EFBC}") = "Tyuiu.AhmadiMH.Sprint1.Task0.V14.Test", "Tyuiu.AhmadiMH.Sprint1.Task0.V14.Test\Tyuiu.AhmadiMH.Sprint1.Task0.V14.Test.csproj", "{0674DA08-1147-4F31-9944-A53F4503F95A}"
EndProject
Global
	GlobalSection(SolutionConfigurationPlatforms) = preSolution
		Debug|Any CPU = Debug|Any CPU
		Release|Any CPU = Release|Any CPU
	EndGlobalSection
	GlobalSection(ProjectConfigurationPlatforms) = postSolution
		{70F45801-34F6-4C23-94A4-45C0807F63D6}.Debug|Any CPU.ActiveCfg = Debug|Any CPU
		{70F45801-34F6-4C23-94A4-45C0807F63D6}.Debug|Any CPU.Build.0 = Debug|Any CPU
		{70F45801-34F6-4C23-94A4-45C0807F63D6}.Release|Any CPU.ActiveCfg = Release|Any CPU
		{70F45801-34F6-4C23-94A4-45C0807F63D6}.Release|Any CPU.Build.0 = Release|Any CPU
		{6B2C59CD-C22C-48DB-BB43-16EBEF9F4769}.Debug|Any CPU.ActiveCfg = Debug|Any CPU
		{6B2C59CD-C22C-48DB-BB43-16EBEF9F4769}.Debug|Any CPU.Build.0 = Debug|Any CPU
		{6B2C59CD-C22C-48DB-BB43-16EBEF9F4769}.Release|Any CPU.ActiveCfg = Release|Any CPU
		{6B2C59CD-C22C-48DB-BB43-16EBEF9F4769}.Release|Any CPU.Build.0 = Release|Any CPU
		{0674DA08-1147-4F31-9944-A53F4503F95A}.Debug|Any CPU.ActiveCfg = Debug|Any CPU
		{0674DA08-1147-4F31-9944-A53F4503F95A}.Debug|Any CPU.Build.0 = Debug|Any CPU
		{0674DA08-1147-4F31-9944-A53F4503F95A}.Release|Any CPU.ActiveCfg = Release|Any CPU
		{0674DA08-1147-4F31-9944-A53F4503F95A}.Release|Any CPU.Build.0 = Release|Any CPU
	EndGlobalSection
	GlobalSection(SolutionProperties) = preSolution
		HideSolutionNode = FALSE
	EndGlobalSection
	GlobalSection(NestedProjects) = preSolution
		{70F45801-34F6-4C23-94A4-45C0807F63D6} = {02EA681E-C7D8-13C7-8484-4AC65E1B71E8}
		{6B2C59CD-C22C-48DB-BB43-16EBEF9F4769} = {02EA681E-C7D8-13C7-8484-4AC65E1B71E8}
		{0674DA08-1147-4F31-9944-A53F4503F95A} = {02EA681E-C7D8-13C7-8484-4AC65E1B71E8}
	EndGlobalSection
	GlobalSection(ExtensibilityGlobals) = postSolution
		SolutionGuid = {C2F2F4F4-43B4-412A-82FB-1A70FC211F98}
	EndGlobalSection
EndGlobal
